# THIS IS AN AUTOGENERATED FILE. DO NOT EDIT THIS FILE DIRECTLY.
# yarn lockfile v1


react-hook-form@^6.0.5:
  version "6.0.5"
  resolved "https://registry.yarnpkg.com/react-hook-form/-/react-hook-form-6.0.5.tgz#3a31218253f8bb85bb508f7c895edd78db0e1ea0"
  integrity sha512-Xtih97apjH/tWxOCMLQfEOQFmDHnqXaDqlySArR9p1nfrnFNvSQSA6Tqc9ftQH1aC/y3ndMoVkO31cmAQUqERQ==
